
Microsoft Visual Studio Solution File, Format Version 12.00
# Visual Studio Version 16
VisualStudioVersion = 16.0.31019.35
MinimumVisualStudioVersion = 10.0.40219.1
Project("{FAE04EC0-301F-11D3-BF4B-00C04F79EFBC}") = "anket", "anket\anket.csproj", "{F7A48279-9557-4497-8445-CD6B9A0B2C0C}"
EndProject
Global
	GlobalSection(SolutionConfigurationPlatforms) = preSolution
		Debug|Any CPU = Debug|Any CPU
		Release|Any CPU = Release|Any CPU
	EndGlobalSection
	GlobalSection(ProjectConfigurationPlatforms) = postSolution
		{F7A48279-9557-4497-8445-CD6B9A0B2C0C}.Debug|Any CPU.ActiveCfg = Debug|Any CPU
		{F7A48279-9557-4497-8445-CD6B9A0B2C0C}.Debug|Any CPU.Build.0 = Debug|Any CPU
		{F7A48279-9557-4497-8445-CD6B9A0B2C0C}.Release|Any CPU.ActiveCfg = Release|Any CPU
		{F7A48279-9557-4497-8445-CD6B9A0B2C0C}.Release|Any CPU.Build.0 = Release|Any CPU
	EndGlobalSection
	GlobalSection(SolutionProperties) = preSolution
		HideSolutionNode = FALSE
	EndGlobalSection
	GlobalSection(ExtensibilityGlobals) = postSolution
		SolutionGuid = {EB60579B-843C-4814-A2D9-D9186EC06BC4}
	EndGlobalSection
EndGlobal
